// !$*UTF8*$!
{
	archiveVersion = 1;
	classes = {
	};
	objectVersion = 56;
	objects = {

/* Begin PBXBuildFile section */
		B03A076029482F7700B11172 /* AppDelegate.swift in Sources */ = {isa = PBXBuildFile; fileRef = B03A075F29482F7700B11172 /* AppDelegate.swift */; };
		B03A076229482F7700B11172 /* SceneDelegate.swift in Sources */ = {isa = PBXBuildFile; fileRef = B03A076129482F7700B11172 /* SceneDelegate.swift */; };
		B03A076429482F7700B11172 /* HomeViewController.swift in Sources */ = {isa = PBXBuildFile; fileRef = B03A076329482F7700B11172 /* HomeViewController.swift */; };
		B03A076929482F7900B11172 /* Assets.xcassets in Resources */ = {isa = PBXBuildFile; fileRef = B03A076829482F7900B11172 /* Assets.xcassets */; };
		B03A076C29482F7900B11172 /* LaunchScreen.storyboard in Resources */ = {isa = PBXBuildFile; fileRef = B03A076A29482F7900B11172 /* LaunchScreen.storyboard */; };
		B03A078D29483C0200B11172 /* GamesView.swift in Sources */ = {isa = PBXBuildFile; fileRef = B03A078C29483C0200B11172 /* GamesView.swift */; };
		B03A079029490E3400B11172 /* WeatherView.swift in Sources */ = {isa = PBXBuildFile; fileRef = B03A078F29490E3400B11172 /* WeatherView.swift */; };
		B03A0792294946A000B11172 /* HelloView.swift in Sources */ = {isa = PBXBuildFile; fileRef = B03A0791294946A000B11172 /* HelloView.swift */; };
		B03A079D294A32A900B11172 /* PlaySound.swift in Sources */ = {isa = PBXBuildFile; fileRef = B03A079C294A32A900B11172 /* PlaySound.swift */; };
		B03A079F294A68C900B11172 /* GameButton.swift in Sources */ = {isa = PBXBuildFile; fileRef = B03A079E294A68C900B11172 /* GameButton.swift */; };
		B03A07A3294D2E9C00B11172 /* PeopleViewController.swift in Sources */ = {isa = PBXBuildFile; fileRef = B03A07A2294D2E9C00B11172 /* PeopleViewController.swift */; };
		B03A07A5294D321700B11172 /* CardView.swift in Sources */ = {isa = PBXBuildFile; fileRef = B03A07A4294D321700B11172 /* CardView.swift */; };
		B03A07A9294D879F00B11172 /* AnimalViewController.swift in Sources */ = {isa = PBXBuildFile; fileRef = B03A07A8294D879F00B11172 /* AnimalViewController.swift */; };
		B03A07AB294D894B00B11172 /* Animal.swift in Sources */ = {isa = PBXBuildFile; fileRef = B03A07AA294D894B00B11172 /* Animal.swift */; };
		B03A07AD294D91A300B11172 /* AnimalLabelView.swift in Sources */ = {isa = PBXBuildFile; fileRef = B03A07AC294D91A300B11172 /* AnimalLabelView.swift */; };
		B03A07AF294ED5F800B11172 /* HomeButton.swift in Sources */ = {isa = PBXBuildFile; fileRef = B03A07AE294ED5F800B11172 /* HomeButton.swift */; };
		B03A07B1294EE6B700B11172 /* TextToSpeech.swift in Sources */ = {isa = PBXBuildFile; fileRef = B03A07B0294EE6B700B11172 /* TextToSpeech.swift */; };
		B03A07B7294FB7F100B11172 /* buttonclick1.mp3 in Resources */ = {isa = PBXBuildFile; fileRef = B03A07B2294FB7F100B11172 /* buttonclick1.mp3 */; };
		B03A07B9294FB7F100B11172 /* buttonclick2.mp3 in Resources */ = {isa = PBXBuildFile; fileRef = B03A07B4294FB7F100B11172 /* buttonclick2.mp3 */; };
		B04C52D329590AD600C10B16 /* ColorsViewController.swift in Sources */ = {isa = PBXBuildFile; fileRef = B04C52D229590AD600C10B16 /* ColorsViewController.swift */; };
		B04C52D7295A237B00C10B16 /* GamesViewCollection.swift in Sources */ = {isa = PBXBuildFile; fileRef = B04C52D6295A237B00C10B16 /* GamesViewCollection.swift */; };
		B04C52D9295A468500C10B16 /* CustomGameViewCell.swift in Sources */ = {isa = PBXBuildFile; fileRef = B04C52D8295A468500C10B16 /* CustomGameViewCell.swift */; };
		B04C52DF2962384500C10B16 /* Color.swift in Sources */ = {isa = PBXBuildFile; fileRef = B04C52DE2962384500C10B16 /* Color.swift */; };
		B04C52E129623C1F00C10B16 /* ColorButton.swift in Sources */ = {isa = PBXBuildFile; fileRef = B04C52E029623C1F00C10B16 /* ColorButton.swift */; };
		B04C52E42963837800C10B16 /* Lottie in Frameworks */ = {isa = PBXBuildFile; productRef = B04C52E32963837800C10B16 /* Lottie */; };
		B04C52E7296387E700C10B16 /* FeelingsViewController.swift in Sources */ = {isa = PBXBuildFile; fileRef = B04C52E6296387E700C10B16 /* FeelingsViewController.swift */; };
		B07F417029765F2300B924FD /* Lemonella.ttf in Resources */ = {isa = PBXBuildFile; fileRef = B07F416F29765F2300B924FD /* Lemonella.ttf */; };
		B07F4172297661D600B924FD /* Winkle-Regular.ttf in Resources */ = {isa = PBXBuildFile; fileRef = B07F4171297661D600B924FD /* Winkle-Regular.ttf */; };
		B07F417D2977190700B924FD /* BooSound-boosted.mp3 in Resources */ = {isa = PBXBuildFile; fileRef = B07F417B2977190700B924FD /* BooSound-boosted.mp3 */; };
		B07F417E2977190700B924FD /* PeekASound-boosted.mp3 in Resources */ = {isa = PBXBuildFile; fileRef = B07F417C2977190700B924FD /* PeekASound-boosted.mp3 */; };
		B07F41822979FEA900B924FD /* WeatherViewController.swift in Sources */ = {isa = PBXBuildFile; fileRef = B07F41812979FEA900B924FD /* WeatherViewController.swift */; };
		B0827483296DD7BE00EE04E1 /* Opposites.swift in Sources */ = {isa = PBXBuildFile; fileRef = B0827482296DD7BE00EE04E1 /* Opposites.swift */; };
		B0827486296F453200EE04E1 /* Model.swift in Sources */ = {isa = PBXBuildFile; fileRef = B0827485296F453200EE04E1 /* Model.swift */; };
		B0827488296F454000EE04E1 /* View.swift in Sources */ = {isa = PBXBuildFile; fileRef = B0827487296F454000EE04E1 /* View.swift */; };
		B082748A296F454900EE04E1 /* FacesViewController.swift in Sources */ = {isa = PBXBuildFile; fileRef = B0827489296F454900EE04E1 /* FacesViewController.swift */; };
		B0885718294FCB300025E835 /* ABCViewController.swift in Sources */ = {isa = PBXBuildFile; fileRef = B0885717294FCB300025E835 /* ABCViewController.swift */; };
		B088571A294FD5BC0025E835 /* ABCList.swift in Sources */ = {isa = PBXBuildFile; fileRef = B0885719294FD5BC0025E835 /* ABCList.swift */; };
		B0956B7D2950F6B90056C435 /* BaksoSapi.otf in Resources */ = {isa = PBXBuildFile; fileRef = B0956B7C2950F6B90056C435 /* BaksoSapi.otf */; };
		B0BE6B5A2963F1E3008FA8AF /* FeelingList.swift in Sources */ = {isa = PBXBuildFile; fileRef = B0BE6B592963F1E3008FA8AF /* FeelingList.swift */; };
		B0BE6B6C2964B863008FA8AF /* love.json in Resources */ = {isa = PBXBuildFile; fileRef = B0BE6B5D2964B862008FA8AF /* love.json */; };
		B0BE6B6D2964B863008FA8AF /* sick.json in Resources */ = {isa = PBXBuildFile; fileRef = B0BE6B5E2964B862008FA8AF /* sick.json */; };
		B0BE6B6E2964B863008FA8AF /* shocked.json in Resources */ = {isa = PBXBuildFile; fileRef = B0BE6B5F2964B862008FA8AF /* shocked.json */; };
		B0BE6B6F2964B863008FA8AF /* evil.json in Resources */ = {isa = PBXBuildFile; fileRef = B0BE6B602964B862008FA8AF /* evil.json */; };
		B0BE6B702964B863008FA8AF /* nervous.json in Resources */ = {isa = PBXBuildFile; fileRef = B0BE6B612964B862008FA8AF /* nervous.json */; };
		B0BE6B712964B863008FA8AF /* sad.json in Resources */ = {isa = PBXBuildFile; fileRef = B0BE6B622964B862008FA8AF /* sad.json */; };
		B0BE6B722964B863008FA8AF /* happy.json in Resources */ = {isa = PBXBuildFile; fileRef = B0BE6B632964B862008FA8AF /* happy.json */; };
		B0BE6B732964B863008FA8AF /* winking.json in Resources */ = {isa = PBXBuildFile; fileRef = B0BE6B642964B863008FA8AF /* winking.json */; };
		B0BE6B742964B863008FA8AF /* angry.json in Resources */ = {isa = PBXBuildFile; fileRef = B0BE6B652964B863008FA8AF /* angry.json */; };
		B0BE6B752964B863008FA8AF /* crying.json in Resources */ = {isa = PBXBuildFile; fileRef = B0BE6B662964B863008FA8AF /* crying.json */; };
		B0BE6B762964B863008FA8AF /* funny.json in Resources */ = {isa = PBXBuildFile; fileRef = B0BE6B672964B863008FA8AF /* funny.json */; };
		B0BE6B772964B863008FA8AF /* cool.json in Resources */ = {isa = PBXBuildFile; fileRef = B0BE6B682964B863008FA8AF /* cool.json */; };
		B0BE6B782964B863008FA8AF /* silly.json in Resources */ = {isa = PBXBuildFile; fileRef = B0BE6B692964B863008FA8AF /* silly.json */; };
		B0BE6B792964B863008FA8AF /* hurt.json in Resources */ = {isa = PBXBuildFile; fileRef = B0BE6B6A2964B863008FA8AF /* hurt.json */; };
		B0BE6B7A2964B863008FA8AF /* amazed.json in Resources */ = {isa = PBXBuildFile; fileRef = B0BE6B6B2964B863008FA8AF /* amazed.json */; };
		B0BE6B7C2964B8F6008FA8AF /* sleepy.json in Resources */ = {isa = PBXBuildFile; fileRef = B0BE6B7B2964B8F5008FA8AF /* sleepy.json */; };
		B0BE6B7F29655163008FA8AF /* OppositesViewController.swift in Sources */ = {isa = PBXBuildFile; fileRef = B0BE6B7E29655163008FA8AF /* OppositesViewController.swift */; };
		B0BE6B842967480A008FA8AF /* OppositeButton.swift in Sources */ = {isa = PBXBuildFile; fileRef = B0BE6B832967480A008FA8AF /* OppositeButton.swift */; };
		B0CD055529511B2100953C45 /* PlayTTSButton.swift in Sources */ = {isa = PBXBuildFile; fileRef = B0CD055429511B2100953C45 /* PlayTTSButton.swift */; };
		B0CD055C2951738D00953C45 /* NumbersViewController.swift in Sources */ = {isa = PBXBuildFile; fileRef = B0CD055B2951738D00953C45 /* NumbersViewController.swift */; };
		B0CD055E2951772B00953C45 /* NumberButton.swift in Sources */ = {isa = PBXBuildFile; fileRef = B0CD055D2951772B00953C45 /* NumberButton.swift */; };
		B0CD056429523F0000953C45 /* ShapesViewController.swift in Sources */ = {isa = PBXBuildFile; fileRef = B0CD056329523F0000953C45 /* ShapesViewController.swift */; };
		B0CD05662952406600953C45 /* ShapeButton.swift in Sources */ = {isa = PBXBuildFile; fileRef = B0CD05652952406600953C45 /* ShapeButton.swift */; };
		B0CD05682952572B00953C45 /* ShapesList.swift in Sources */ = {isa = PBXBuildFile; fileRef = B0CD05672952572B00953C45 /* ShapesList.swift */; };
		B0CD05702956D0E200953C45 /* magicsounds.mp3 in Resources */ = {isa = PBXBuildFile; fileRef = B0CD056F2956D0E200953C45 /* magicsounds.mp3 */; };
		B0CD05722956DFBE00953C45 /* ShapeLabel.swift in Sources */ = {isa = PBXBuildFile; fileRef = B0CD05712956DFBE00953C45 /* ShapeLabel.swift */; };
		B0E671EA294FE0280015682D /* ABCView.swift in Sources */ = {isa = PBXBuildFile; fileRef = B0E671E9294FE0280015682D /* ABCView.swift */; };
		B0E671ED294FE9E50015682D /* Wash Your Hand.ttf in Resources */ = {isa = PBXBuildFile; fileRef = B0E671EC294FE9E50015682D /* Wash Your Hand.ttf */; };
/* End PBXBuildFile section */

/* Begin PBXFileReference section */
		B03A075C29482F7700B11172 /* Parker Plays.app */ = {isa = PBXFileReference; explicitFileType = wrapper.application; includeInIndex = 0; path = "Parker Plays.app"; sourceTree = BUILT_PRODUCTS_DIR; };
		B03A075F29482F7700B11172 /* AppDelegate.swift */ = {isa = PBXFileReference; lastKnownFileType = sourcecode.swift; path = AppDelegate.swift; sourceTree = "<group>"; };
		B03A076129482F7700B11172 /* SceneDelegate.swift */ = {isa = PBXFileReference; lastKnownFileType = sourcecode.swift; path = SceneDelegate.swift; sourceTree = "<group>"; };
		B03A076329482F7700B11172 /* HomeViewController.swift */ = {isa = PBXFileReference; lastKnownFileType = sourcecode.swift; path = HomeViewController.swift; sourceTree = "<group>"; };
		B03A076829482F7900B11172 /* Assets.xcassets */ = {isa = PBXFileReference; lastKnownFileType = folder.assetcatalog; path = Assets.xcassets; sourceTree = "<group>"; };
		B03A076B29482F7900B11172 /* Base */ = {isa = PBXFileReference; lastKnownFileType = file.storyboard; name = Base; path = Base.lproj/LaunchScreen.storyboard; sourceTree = "<group>"; };
		B03A076D29482F7900B11172 /* Info.plist */ = {isa = PBXFileReference; lastKnownFileType = text.plist.xml; path = Info.plist; sourceTree = "<group>"; };
		B03A078C29483C0200B11172 /* GamesView.swift */ = {isa = PBXFileReference; lastKnownFileType = sourcecode.swift; path = GamesView.swift; sourceTree = "<group>"; };
		B03A078F29490E3400B11172 /* WeatherView.swift */ = {isa = PBXFileReference; lastKnownFileType = sourcecode.swift; path = WeatherView.swift; sourceTree = "<group>"; };
		B03A0791294946A000B11172 /* HelloView.swift */ = {isa = PBXFileReference; lastKnownFileType = sourcecode.swift; path = HelloView.swift; sourceTree = "<group>"; };
		B03A079C294A32A900B11172 /* PlaySound.swift */ = {isa = PBXFileReference; lastKnownFileType = sourcecode.swift; path = PlaySound.swift; sourceTree = "<group>"; };
		B03A079E294A68C900B11172 /* GameButton.swift */ = {isa = PBXFileReference; lastKnownFileType = sourcecode.swift; path = GameButton.swift; sourceTree = "<group>"; };
		B03A07A2294D2E9C00B11172 /* PeopleViewController.swift */ = {isa = PBXFileReference; lastKnownFileType = sourcecode.swift; path = PeopleViewController.swift; sourceTree = "<group>"; };
		B03A07A4294D321700B11172 /* CardView.swift */ = {isa = PBXFileReference; lastKnownFileType = sourcecode.swift; path = CardView.swift; sourceTree = "<group>"; };
		B03A07A8294D879F00B11172 /* AnimalViewController.swift */ = {isa = PBXFileReference; lastKnownFileType = sourcecode.swift; path = AnimalViewController.swift; sourceTree = "<group>"; };
		B03A07AA294D894B00B11172 /* Animal.swift */ = {isa = PBXFileReference; lastKnownFileType = sourcecode.swift; path = Animal.swift; sourceTree = "<group>"; };
		B03A07AC294D91A300B11172 /* AnimalLabelView.swift */ = {isa = PBXFileReference; lastKnownFileType = sourcecode.swift; path = AnimalLabelView.swift; sourceTree = "<group>"; };
		B03A07AE294ED5F800B11172 /* HomeButton.swift */ = {isa = PBXFileReference; lastKnownFileType = sourcecode.swift; path = HomeButton.swift; sourceTree = "<group>"; };
		B03A07B0294EE6B700B11172 /* TextToSpeech.swift */ = {isa = PBXFileReference; lastKnownFileType = sourcecode.swift; path = TextToSpeech.swift; sourceTree = "<group>"; };
		B03A07B2294FB7F100B11172 /* buttonclick1.mp3 */ = {isa = PBXFileReference; lastKnownFileType = audio.mp3; path = buttonclick1.mp3; sourceTree = "<group>"; };
		B03A07B4294FB7F100B11172 /* buttonclick2.mp3 */ = {isa = PBXFileReference; lastKnownFileType = audio.mp3; path = buttonclick2.mp3; sourceTree = "<group>"; };
		B04C52D229590AD600C10B16 /* ColorsViewController.swift */ = {isa = PBXFileReference; lastKnownFileType = sourcecode.swift; path = ColorsViewController.swift; sourceTree = "<group>"; };
		B04C52D6295A237B00C10B16 /* GamesViewCollection.swift */ = {isa = PBXFileReference; lastKnownFileType = sourcecode.swift; path = GamesViewCollection.swift; sourceTree = "<group>"; };
		B04C52D8295A468500C10B16 /* CustomGameViewCell.swift */ = {isa = PBXFileReference; lastKnownFileType = sourcecode.swift; path = CustomGameViewCell.swift; sourceTree = "<group>"; };
		B04C52DE2962384500C10B16 /* Color.swift */ = {isa = PBXFileReference; lastKnownFileType = sourcecode.swift; path = Color.swift; sourceTree = "<group>"; };
		B04C52E029623C1F00C10B16 /* ColorButton.swift */ = {isa = PBXFileReference; lastKnownFileType = sourcecode.swift; path = ColorButton.swift; sourceTree = "<group>"; };
		B04C52E6296387E700C10B16 /* FeelingsViewController.swift */ = {isa = PBXFileReference; lastKnownFileType = sourcecode.swift; path = FeelingsViewController.swift; sourceTree = "<group>"; };
		B07F416F29765F2300B924FD /* Lemonella.ttf */ = {isa = PBXFileReference; lastKnownFileType = file; path = Lemonella.ttf; sourceTree = "<group>"; };
		B07F4171297661D600B924FD /* Winkle-Regular.ttf */ = {isa = PBXFileReference; lastKnownFileType = file; path = "Winkle-Regular.ttf"; sourceTree = "<group>"; };
		B07F417B2977190700B924FD /* BooSound-boosted.mp3 */ = {isa = PBXFileReference; lastKnownFileType = audio.mp3; path = "BooSound-boosted.mp3"; sourceTree = "<group>"; };
		B07F417C2977190700B924FD /* PeekASound-boosted.mp3 */ = {isa = PBXFileReference; lastKnownFileType = audio.mp3; path = "PeekASound-boosted.mp3"; sourceTree = "<group>"; };
		B07F41812979FEA900B924FD /* WeatherViewController.swift */ = {isa = PBXFileReference; lastKnownFileType = sourcecode.swift; path = WeatherViewController.swift; sourceTree = "<group>"; };
		B0827482296DD7BE00EE04E1 /* Opposites.swift */ = {isa = PBXFileReference; lastKnownFileType = sourcecode.swift; path = Opposites.swift; sourceTree = "<group>"; };
		B0827485296F453200EE04E1 /* Model.swift */ = {isa = PBXFileReference; lastKnownFileType = sourcecode.swift; path = Model.swift; sourceTree = "<group>"; };
		B0827487296F454000EE04E1 /* View.swift */ = {isa = PBXFileReference; lastKnownFileType = sourcecode.swift; path = View.swift; sourceTree = "<group>"; };
		B0827489296F454900EE04E1 /* FacesViewController.swift */ = {isa = PBXFileReference; lastKnownFileType = sourcecode.swift; path = FacesViewController.swift; sourceTree = "<group>"; };
		B0885717294FCB300025E835 /* ABCViewController.swift */ = {isa = PBXFileReference; lastKnownFileType = sourcecode.swift; path = ABCViewController.swift; sourceTree = "<group>"; };
		B0885719294FD5BC0025E835 /* ABCList.swift */ = {isa = PBXFileReference; lastKnownFileType = sourcecode.swift; path = ABCList.swift; sourceTree = "<group>"; };
		B0956B7C2950F6B90056C435 /* BaksoSapi.otf */ = {isa = PBXFileReference; lastKnownFileType = file; path = BaksoSapi.otf; sourceTree = "<group>"; };
		B0BE6B592963F1E3008FA8AF /* FeelingList.swift */ = {isa = PBXFileReference; lastKnownFileType = sourcecode.swift; path = FeelingList.swift; sourceTree = "<group>"; };
		B0BE6B5D2964B862008FA8AF /* love.json */ = {isa = PBXFileReference; fileEncoding = 4; lastKnownFileType = text.json; path = love.json; sourceTree = "<group>"; };
		B0BE6B5E2964B862008FA8AF /* sick.json */ = {isa = PBXFileReference; fileEncoding = 4; lastKnownFileType = text.json; path = sick.json; sourceTree = "<group>"; };
		B0BE6B5F2964B862008FA8AF /* shocked.json */ = {isa = PBXFileReference; fileEncoding = 4; lastKnownFileType = text.json; path = shocked.json; sourceTree = "<group>"; };
		B0BE6B602964B862008FA8AF /* evil.json */ = {isa = PBXFileReference; fileEncoding = 4; lastKnownFileType = text.json; path = evil.json; sourceTree = "<group>"; };
		B0BE6B612964B862008FA8AF /* nervous.json */ = {isa = PBXFileReference; fileEncoding = 4; lastKnownFileType = text.json; path = nervous.json; sourceTree = "<group>"; };
		B0BE6B622964B862008FA8AF /* sad.json */ = {isa = PBXFileReference; fileEncoding = 4; lastKnownFileType = text.json; path = sad.json; sourceTree = "<group>"; };
		B0BE6B632964B862008FA8AF /* happy.json */ = {isa = PBXFileReference; fileEncoding = 4; lastKnownFileType = text.json; path = happy.json; sourceTree = "<group>"; };
		B0BE6B642964B863008FA8AF /* winking.json */ = {isa = PBXFileReference; fileEncoding = 4; lastKnownFileType = text.json; path = winking.json; sourceTree = "<group>"; };
		B0BE6B652964B863008FA8AF /* angry.json */ = {isa = PBXFileReference; fileEncoding = 4; lastKnownFileType = text.json; path = angry.json; sourceTree = "<group>"; };
		B0BE6B662964B863008FA8AF /* crying.json */ = {isa = PBXFileReference; fileEncoding = 4; lastKnownFileType = text.json; path = crying.json; sourceTree = "<group>"; };
		B0BE6B672964B863008FA8AF /* funny.json */ = {isa = PBXFileReference; fileEncoding = 4; lastKnownFileType = text.json; path = funny.json; sourceTree = "<group>"; };
		B0BE6B682964B863008FA8AF /* cool.json */ = {isa = PBXFileReference; fileEncoding = 4; lastKnownFileType = text.json; path = cool.json; sourceTree = "<group>"; };
		B0BE6B692964B863008FA8AF /* silly.json */ = {isa = PBXFileReference; fileEncoding = 4; lastKnownFileType = text.json; path = silly.json; sourceTree = "<group>"; };
		B0BE6B6A2964B863008FA8AF /* hurt.json */ = {isa = PBXFileReference; fileEncoding = 4; lastKnownFileType = text.json; path = hurt.json; sourceTree = "<group>"; };
		B0BE6B6B2964B863008FA8AF /* amazed.json */ = {isa = PBXFileReference; fileEncoding = 4; lastKnownFileType = text.json; path = amazed.json; sourceTree = "<group>"; };
		B0BE6B7B2964B8F5008FA8AF /* sleepy.json */ = {isa = PBXFileReference; fileEncoding = 4; lastKnownFileType = text.json; path = sleepy.json; sourceTree = "<group>"; };
		B0BE6B7E29655163008FA8AF /* OppositesViewController.swift */ = {isa = PBXFileReference; lastKnownFileType = sourcecode.swift; path = OppositesViewController.swift; sourceTree = "<group>"; };
		B0BE6B832967480A008FA8AF /* OppositeButton.swift */ = {isa = PBXFileReference; lastKnownFileType = sourcecode.swift; path = OppositeButton.swift; sourceTree = "<group>"; };
		B0CD055429511B2100953C45 /* PlayTTSButton.swift */ = {isa = PBXFileReference; lastKnownFileType = sourcecode.swift; path = PlayTTSButton.swift; sourceTree = "<group>"; };
		B0CD055B2951738D00953C45 /* NumbersViewController.swift */ = {isa = PBXFileReference; lastKnownFileType = sourcecode.swift; path = NumbersViewController.swift; sourceTree = "<group>"; };
		B0CD055D2951772B00953C45 /* NumberButton.swift */ = {isa = PBXFileReference; lastKnownFileType = sourcecode.swift; path = NumberButton.swift; sourceTree = "<group>"; };
		B0CD056329523F0000953C45 /* ShapesViewController.swift */ = {isa = PBXFileReference; lastKnownFileType = sourcecode.swift; path = ShapesViewController.swift; sourceTree = "<group>"; };
		B0CD05652952406600953C45 /* ShapeButton.swift */ = {isa = PBXFileReference; lastKnownFileType = sourcecode.swift; path = ShapeButton.swift; sourceTree = "<group>"; };
		B0CD05672952572B00953C45 /* ShapesList.swift */ = {isa = PBXFileReference; lastKnownFileType = sourcecode.swift; path = ShapesList.swift; sourceTree = "<group>"; };
		B0CD056F2956D0E200953C45 /* magicsounds.mp3 */ = {isa = PBXFileReference; lastKnownFileType = audio.mp3; path = magicsounds.mp3; sourceTree = "<group>"; };
		B0CD05712956DFBE00953C45 /* ShapeLabel.swift */ = {isa = PBXFileReference; lastKnownFileType = sourcecode.swift; path = ShapeLabel.swift; sourceTree = "<group>"; };
		B0E671E9294FE0280015682D /* ABCView.swift */ = {isa = PBXFileReference; lastKnownFileType = sourcecode.swift; path = ABCView.swift; sourceTree = "<group>"; };
		B0E671EC294FE9E50015682D /* Wash Your Hand.ttf */ = {isa = PBXFileReference; lastKnownFileType = file; path = "Wash Your Hand.ttf"; sourceTree = "<group>"; };
/* End PBXFileReference section */

/* Begin PBXFrameworksBuildPhase section */
		B03A075929482F7700B11172 /* Frameworks */ = {
			isa = PBXFrameworksBuildPhase;
			buildActionMask = 2147483647;
			files = (
				B04C52E42963837800C10B16 /* Lottie in Frameworks */,
			);
			runOnlyForDeploymentPostprocessing = 0;
		};
/* End PBXFrameworksBuildPhase section */

/* Begin PBXGroup section */
		B03A075329482F7700B11172 = {
			isa = PBXGroup;
			children = (
				B03A075E29482F7700B11172 /* ParkerPlaysv2 */,
				B03A075D29482F7700B11172 /* Products */,
			);
			sourceTree = "<group>";
		};
		B03A075D29482F7700B11172 /* Products */ = {
			isa = PBXGroup;
			children = (
				B03A075C29482F7700B11172 /* Parker Plays.app */,
			);
			name = Products;
			sourceTree = "<group>";
		};
		B03A075E29482F7700B11172 /* ParkerPlaysv2 */ = {
			isa = PBXGroup;
			children = (
				B03A075F29482F7700B11172 /* AppDelegate.swift */,
				B03A076129482F7700B11172 /* SceneDelegate.swift */,
				B0CD055329511AFF00953C45 /* Components */,
				B03A079B294A329500B11172 /* Manager */,
				B03A078E2948427000B11172 /* Home */,
				B0885711294FCA780025E835 /* PeekaBoo */,
				B0885713294FCAB70025E835 /* ABC */,
				B0CD05572951734400953C45 /* Numbers */,
				B0CD055F29523ECF00953C45 /* Shapes */,
				B04C52D429590ADD00C10B16 /* Colors */,
				B04C52E5296387CC00C10B16 /* Feelings */,
				B0BE6B7D2965514C008FA8AF /* Opposites */,
				B0827484296F451200EE04E1 /* Faces */,
				B03A07822948323A00B11172 /* Sounds */,
				B0E671EB294FE9CF0015682D /* Fonts */,
				B03A076829482F7900B11172 /* Assets.xcassets */,
				B03A076A29482F7900B11172 /* LaunchScreen.storyboard */,
				B03A076D29482F7900B11172 /* Info.plist */,
			);
			path = ParkerPlaysv2;
			sourceTree = "<group>";
		};
		B03A07732948307800B11172 /* Model */ = {
			isa = PBXGroup;
			children = (
				B03A07AA294D894B00B11172 /* Animal.swift */,
			);
			path = Model;
			sourceTree = "<group>";
		};
		B03A07742948308000B11172 /* View */ = {
			isa = PBXGroup;
			children = (
				B03A07AC294D91A300B11172 /* AnimalLabelView.swift */,
			);
			path = View;
			sourceTree = "<group>";
		};
		B03A07752948308700B11172 /* Controller */ = {
			isa = PBXGroup;
			children = (
				B03A07A8294D879F00B11172 /* AnimalViewController.swift */,
			);
			path = Controller;
			sourceTree = "<group>";
		};
		B03A0776294830B800B11172 /* AnimalView */ = {
			isa = PBXGroup;
			children = (
				B03A07732948307800B11172 /* Model */,
				B03A07742948308000B11172 /* View */,
				B03A07752948308700B11172 /* Controller */,
			);
			path = AnimalView;
			sourceTree = "<group>";
		};
		B03A07792948311200B11172 /* PeopleView */ = {
			isa = PBXGroup;
			children = (
				B03A077A2948311B00B11172 /* Model */,
				B03A077B2948312500B11172 /* View */,
				B03A077D2948314D00B11172 /* Controller */,
			);
			path = PeopleView;
			sourceTree = "<group>";
		};
		B03A077A2948311B00B11172 /* Model */ = {
			isa = PBXGroup;
			children = (
			);
			path = Model;
			sourceTree = "<group>";
		};
		B03A077B2948312500B11172 /* View */ = {
			isa = PBXGroup;
			children = (
				B03A07A4294D321700B11172 /* CardView.swift */,
				B03A07AE294ED5F800B11172 /* HomeButton.swift */,
			);
			path = View;
			sourceTree = "<group>";
		};
		B03A077D2948314D00B11172 /* Controller */ = {
			isa = PBXGroup;
			children = (
				B03A07A2294D2E9C00B11172 /* PeopleViewController.swift */,
			);
			path = Controller;
			sourceTree = "<group>";
		};
		B03A07822948323A00B11172 /* Sounds */ = {
			isa = PBXGroup;
			children = (
				B07F417B2977190700B924FD /* BooSound-boosted.mp3 */,
				B07F417C2977190700B924FD /* PeekASound-boosted.mp3 */,
				B0CD056F2956D0E200953C45 /* magicsounds.mp3 */,
				B03A07B2294FB7F100B11172 /* buttonclick1.mp3 */,
				B03A07B4294FB7F100B11172 /* buttonclick2.mp3 */,
			);
			path = Sounds;
			sourceTree = "<group>";
		};
		B03A078929483BAA00B11172 /* Model */ = {
			isa = PBXGroup;
			children = (
			);
			path = Model;
			sourceTree = "<group>";
		};
		B03A078A29483BB700B11172 /* View */ = {
			isa = PBXGroup;
			children = (
				B03A078C29483C0200B11172 /* GamesView.swift */,
				B03A078F29490E3400B11172 /* WeatherView.swift */,
				B03A0791294946A000B11172 /* HelloView.swift */,
				B03A079E294A68C900B11172 /* GameButton.swift */,
				B04C52D6295A237B00C10B16 /* GamesViewCollection.swift */,
				B04C52D8295A468500C10B16 /* CustomGameViewCell.swift */,
			);
			path = View;
			sourceTree = "<group>";
		};
		B03A078B29483BC600B11172 /* Controller */ = {
			isa = PBXGroup;
			children = (
				B03A076329482F7700B11172 /* HomeViewController.swift */,
				B07F41812979FEA900B924FD /* WeatherViewController.swift */,
			);
			path = Controller;
			sourceTree = "<group>";
		};
		B03A078E2948427000B11172 /* Home */ = {
			isa = PBXGroup;
			children = (
				B03A078929483BAA00B11172 /* Model */,
				B03A078A29483BB700B11172 /* View */,
				B03A078B29483BC600B11172 /* Controller */,
			);
			path = Home;
			sourceTree = "<group>";
		};
		B03A079B294A329500B11172 /* Manager */ = {
			isa = PBXGroup;
			children = (
				B03A079C294A32A900B11172 /* PlaySound.swift */,
				B03A07B0294EE6B700B11172 /* TextToSpeech.swift */,
			);
			path = Manager;
			sourceTree = "<group>";
		};
		B04C52D429590ADD00C10B16 /* Colors */ = {
			isa = PBXGroup;
			children = (
				B04C52DC296237C400C10B16 /* Model */,
				B04C52DD296237CA00C10B16 /* Controller */,
				B04C52DB296237C000C10B16 /* View */,
			);
			path = Colors;
			sourceTree = "<group>";
		};
		B04C52DB296237C000C10B16 /* View */ = {
			isa = PBXGroup;
			children = (
				B04C52E029623C1F00C10B16 /* ColorButton.swift */,
			);
			path = View;
			sourceTree = "<group>";
		};
		B04C52DC296237C400C10B16 /* Model */ = {
			isa = PBXGroup;
			children = (
				B04C52DE2962384500C10B16 /* Color.swift */,
			);
			path = Model;
			sourceTree = "<group>";
		};
		B04C52DD296237CA00C10B16 /* Controller */ = {
			isa = PBXGroup;
			children = (
				B04C52D229590AD600C10B16 /* ColorsViewController.swift */,
			);
			path = Controller;
			sourceTree = "<group>";
		};
		B04C52E5296387CC00C10B16 /* Feelings */ = {
			isa = PBXGroup;
			children = (
				B04C52E8296388CF00C10B16 /* Model */,
				B04C52E9296388D900C10B16 /* View */,
				B04C52EA296388E600C10B16 /* Controller */,
			);
			path = Feelings;
			sourceTree = "<group>";
		};
		B04C52E8296388CF00C10B16 /* Model */ = {
			isa = PBXGroup;
			children = (
				B0BE6B592963F1E3008FA8AF /* FeelingList.swift */,
			);
			path = Model;
			sourceTree = "<group>";
		};
		B04C52E9296388D900C10B16 /* View */ = {
			isa = PBXGroup;
			children = (
				B04C52EB296388FA00C10B16 /* Animations */,
			);
			path = View;
			sourceTree = "<group>";
		};
		B04C52EA296388E600C10B16 /* Controller */ = {
			isa = PBXGroup;
			children = (
				B04C52E6296387E700C10B16 /* FeelingsViewController.swift */,
			);
			path = Controller;
			sourceTree = "<group>";
		};
		B04C52EB296388FA00C10B16 /* Animations */ = {
			isa = PBXGroup;
			children = (
				B0BE6B6B2964B863008FA8AF /* amazed.json */,
				B0BE6B652964B863008FA8AF /* angry.json */,
				B0BE6B682964B863008FA8AF /* cool.json */,
				B0BE6B662964B863008FA8AF /* crying.json */,
				B0BE6B7B2964B8F5008FA8AF /* sleepy.json */,
				B0BE6B602964B862008FA8AF /* evil.json */,
				B0BE6B672964B863008FA8AF /* funny.json */,
				B0BE6B632964B862008FA8AF /* happy.json */,
				B0BE6B6A2964B863008FA8AF /* hurt.json */,
				B0BE6B5D2964B862008FA8AF /* love.json */,
				B0BE6B612964B862008FA8AF /* nervous.json */,
				B0BE6B622964B862008FA8AF /* sad.json */,
				B0BE6B5F2964B862008FA8AF /* shocked.json */,
				B0BE6B5E2964B862008FA8AF /* sick.json */,
				B0BE6B692964B863008FA8AF /* silly.json */,
				B0BE6B642964B863008FA8AF /* winking.json */,
			);
			path = Animations;
			sourceTree = "<group>";
		};
		B0827484296F451200EE04E1 /* Faces */ = {
			isa = PBXGroup;
			children = (
				B0827485296F453200EE04E1 /* Model.swift */,
				B0827487296F454000EE04E1 /* View.swift */,
				B0827489296F454900EE04E1 /* FacesViewController.swift */,
			);
			path = Faces;
			sourceTree = "<group>";
		};
		B0885711294FCA780025E835 /* PeekaBoo */ = {
			isa = PBXGroup;
			children = (
				B03A07792948311200B11172 /* PeopleView */,
				B03A0776294830B800B11172 /* AnimalView */,
			);
			path = PeekaBoo;
			sourceTree = "<group>";
		};
		B0885713294FCAB70025E835 /* ABC */ = {
			isa = PBXGroup;
			children = (
				B0885714294FCAD00025E835 /* Model */,
				B0885715294FCAD90025E835 /* View */,
				B0885716294FCAF80025E835 /* Controller */,
			);
			path = ABC;
			sourceTree = "<group>";
		};
		B0885714294FCAD00025E835 /* Model */ = {
			isa = PBXGroup;
			children = (
				B0885719294FD5BC0025E835 /* ABCList.swift */,
			);
			path = Model;
			sourceTree = "<group>";
		};
		B0885715294FCAD90025E835 /* View */ = {
			isa = PBXGroup;
			children = (
				B0E671E9294FE0280015682D /* ABCView.swift */,
			);
			path = View;
			sourceTree = "<group>";
		};
		B0885716294FCAF80025E835 /* Controller */ = {
			isa = PBXGroup;
			children = (
				B0885717294FCB300025E835 /* ABCViewController.swift */,
			);
			path = Controller;
			sourceTree = "<group>";
		};
		B0BE6B7D2965514C008FA8AF /* Opposites */ = {
			isa = PBXGroup;
			children = (
				B0BE6B822965519C008FA8AF /* Controller */,
				B0BE6B8129655197008FA8AF /* View */,
				B0BE6B802965518E008FA8AF /* Model */,
			);
			path = Opposites;
			sourceTree = "<group>";
		};
		B0BE6B802965518E008FA8AF /* Model */ = {
			isa = PBXGroup;
			children = (
				B0827482296DD7BE00EE04E1 /* Opposites.swift */,
			);
			path = Model;
			sourceTree = "<group>";
		};
		B0BE6B8129655197008FA8AF /* View */ = {
			isa = PBXGroup;
			children = (
				B0BE6B832967480A008FA8AF /* OppositeButton.swift */,
			);
			path = View;
			sourceTree = "<group>";
		};
		B0BE6B822965519C008FA8AF /* Controller */ = {
			isa = PBXGroup;
			children = (
				B0BE6B7E29655163008FA8AF /* OppositesViewController.swift */,
			);
			path = Controller;
			sourceTree = "<group>";
		};
		B0CD055329511AFF00953C45 /* Components */ = {
			isa = PBXGroup;
			children = (
				B0CD055429511B2100953C45 /* PlayTTSButton.swift */,
			);
			path = Components;
			sourceTree = "<group>";
		};
		B0CD05572951734400953C45 /* Numbers */ = {
			isa = PBXGroup;
			children = (
				B0CD055A2951736800953C45 /* Controller */,
				B0CD05582951735300953C45 /* Model */,
				B0CD05592951735B00953C45 /* View */,
			);
			path = Numbers;
			sourceTree = "<group>";
		};
		B0CD05582951735300953C45 /* Model */ = {
			isa = PBXGroup;
			children = (
				B0CD055D2951772B00953C45 /* NumberButton.swift */,
			);
			path = Model;
			sourceTree = "<group>";
		};
		B0CD05592951735B00953C45 /* View */ = {
			isa = PBXGroup;
			children = (
			);
			path = View;
			sourceTree = "<group>";
		};
		B0CD055A2951736800953C45 /* Controller */ = {
			isa = PBXGroup;
			children = (
				B0CD055B2951738D00953C45 /* NumbersViewController.swift */,
			);
			path = Controller;
			sourceTree = "<group>";
		};
		B0CD055F29523ECF00953C45 /* Shapes */ = {
			isa = PBXGroup;
			children = (
				B0CD056229523EF300953C45 /* Controller */,
				B0CD056129523EE300953C45 /* View */,
				B0CD056029523EDB00953C45 /* Model */,
			);
			path = Shapes;
			sourceTree = "<group>";
		};
		B0CD056029523EDB00953C45 /* Model */ = {
			isa = PBXGroup;
			children = (
				B0CD05672952572B00953C45 /* ShapesList.swift */,
			);
			path = Model;
			sourceTree = "<group>";
		};
		B0CD056129523EE300953C45 /* View */ = {
			isa = PBXGroup;
			children = (
				B0CD05652952406600953C45 /* ShapeButton.swift */,
				B0CD05712956DFBE00953C45 /* ShapeLabel.swift */,
			);
			path = View;
			sourceTree = "<group>";
		};
		B0CD056229523EF300953C45 /* Controller */ = {
			isa = PBXGroup;
			children = (
				B0CD056329523F0000953C45 /* ShapesViewController.swift */,
			);
			path = Controller;
			sourceTree = "<group>";
		};
		B0E671EB294FE9CF0015682D /* Fonts */ = {
			isa = PBXGroup;
			children = (
				B07F416F29765F2300B924FD /* Lemonella.ttf */,
				B07F4171297661D600B924FD /* Winkle-Regular.ttf */,
				B0E671EC294FE9E50015682D /* Wash Your Hand.ttf */,
				B0956B7C2950F6B90056C435 /* BaksoSapi.otf */,
			);
			path = Fonts;
			sourceTree = "<group>";
		};
/* End PBXGroup section */

/* Begin PBXNativeTarget section */
		B03A075B29482F7700B11172 /* ParkerPlaysv2 */ = {
			isa = PBXNativeTarget;
			buildConfigurationList = B03A077029482F7900B11172 /* Build configuration list for PBXNativeTarget "ParkerPlaysv2" */;
			buildPhases = (
				B03A075829482F7700B11172 /* Sources */,
				B03A075929482F7700B11172 /* Frameworks */,
				B03A075A29482F7700B11172 /* Resources */,
			);
			buildRules = (
			);
			dependencies = (
			);
			name = ParkerPlaysv2;
			packageProductDependencies = (
				B04C52E32963837800C10B16 /* Lottie */,
			);
			productName = ParkerPlaysv2;
			productReference = B03A075C29482F7700B11172 /* Parker Plays.app */;
			productType = "com.apple.product-type.application";
		};
/* End PBXNativeTarget section */

/* Begin PBXProject section */
		B03A075429482F7700B11172 /* Project object */ = {
			isa = PBXProject;
			attributes = {
				BuildIndependentTargetsInParallel = 1;
				LastSwiftUpdateCheck = 1410;
				LastUpgradeCheck = 1410;
				TargetAttributes = {
					B03A075B29482F7700B11172 = {
						CreatedOnToolsVersion = 14.1;
					};
				};
			};
			buildConfigurationList = B03A075729482F7700B11172 /* Build configuration list for PBXProject "ParkerPlaysv2" */;
			compatibilityVersion = "Xcode 14.0";
			developmentRegion = en;
			hasScannedForEncodings = 0;
			knownRegions = (
				en,
				Base,
			);
			mainGroup = B03A075329482F7700B11172;
			packageReferences = (
				B04C52E22963837800C10B16 /* XCRemoteSwiftPackageReference "lottie-ios" */,
			);
			productRefGroup = B03A075D29482F7700B11172 /* Products */;
			projectDirPath = "";
			projectRoot = "";
			targets = (
				B03A075B29482F7700B11172 /* ParkerPlaysv2 */,
			);
		};
/* End PBXProject section */

/* Begin PBXResourcesBuildPhase section */
		B03A075A29482F7700B11172 /* Resources */ = {
			isa = PBXResourcesBuildPhase;
			buildActionMask = 2147483647;
			files = (
				B07F417D2977190700B924FD /* BooSound-boosted.mp3 in Resources */,
				B0BE6B6E2964B863008FA8AF /* shocked.json in Resources */,
				B03A07B9294FB7F100B11172 /* buttonclick2.mp3 in Resources */,
				B03A07B7294FB7F100B11172 /* buttonclick1.mp3 in Resources */,
				B0BE6B722964B863008FA8AF /* happy.json in Resources */,
				B0BE6B7A2964B863008FA8AF /* amazed.json in Resources */,
				B0BE6B6D2964B863008FA8AF /* sick.json in Resources */,
				B0BE6B732964B863008FA8AF /* winking.json in Resources */,
				B07F4172297661D600B924FD /* Winkle-Regular.ttf in Resources */,
				B0BE6B742964B863008FA8AF /* angry.json in Resources */,
				B0BE6B752964B863008FA8AF /* crying.json in Resources */,
				B0956B7D2950F6B90056C435 /* BaksoSapi.otf in Resources */,
				B0BE6B762964B863008FA8AF /* funny.json in Resources */,
				B0BE6B702964B863008FA8AF /* nervous.json in Resources */,
				B0E671ED294FE9E50015682D /* Wash Your Hand.ttf in Resources */,
				B0BE6B712964B863008FA8AF /* sad.json in Resources */,
				B0BE6B6F2964B863008FA8AF /* evil.json in Resources */,
				B07F417029765F2300B924FD /* Lemonella.ttf in Resources */,
				B0BE6B7C2964B8F6008FA8AF /* sleepy.json in Resources */,
				B0CD05702956D0E200953C45 /* magicsounds.mp3 in Resources */,
				B0BE6B6C2964B863008FA8AF /* love.json in Resources */,
				B0BE6B772964B863008FA8AF /* cool.json in Resources */,
				B0BE6B782964B863008FA8AF /* silly.json in Resources */,
				B03A076C29482F7900B11172 /* LaunchScreen.storyboard in Resources */,
				B07F417E2977190700B924FD /* PeekASound-boosted.mp3 in Resources */,
				B03A076929482F7900B11172 /* Assets.xcassets in Resources */,
				B0BE6B792964B863008FA8AF /* hurt.json in Resources */,
			);
			runOnlyForDeploymentPostprocessing = 0;
		};
/* End PBXResourcesBuildPhase section */

/* Begin PBXSourcesBuildPhase section */
		B03A075829482F7700B11172 /* Sources */ = {
			isa = PBXSourcesBuildPhase;
			buildActionMask = 2147483647;
			files = (
				B04C52D7295A237B00C10B16 /* GamesViewCollection.swift in Sources */,
				B03A079029490E3400B11172 /* WeatherView.swift in Sources */,
				B0BE6B5A2963F1E3008FA8AF /* FeelingList.swift in Sources */,
				B0CD055C2951738D00953C45 /* NumbersViewController.swift in Sources */,
				B07F41822979FEA900B924FD /* WeatherViewController.swift in Sources */,
				B03A07B1294EE6B700B11172 /* TextToSpeech.swift in Sources */,
				B0CD05682952572B00953C45 /* ShapesList.swift in Sources */,
				B03A07AD294D91A300B11172 /* AnimalLabelView.swift in Sources */,
				B03A079D294A32A900B11172 /* PlaySound.swift in Sources */,
				B04C52D9295A468500C10B16 /* CustomGameViewCell.swift in Sources */,
				B0827488296F454000EE04E1 /* View.swift in Sources */,
				B03A076429482F7700B11172 /* HomeViewController.swift in Sources */,
				B0CD056429523F0000953C45 /* ShapesViewController.swift in Sources */,
				B0BE6B842967480A008FA8AF /* OppositeButton.swift in Sources */,
				B03A076029482F7700B11172 /* AppDelegate.swift in Sources */,
				B03A07A5294D321700B11172 /* CardView.swift in Sources */,
				B04C52E7296387E700C10B16 /* FeelingsViewController.swift in Sources */,
				B0E671EA294FE0280015682D /* ABCView.swift in Sources */,
				B0CD055E2951772B00953C45 /* NumberButton.swift in Sources */,
				B0CD055529511B2100953C45 /* PlayTTSButton.swift in Sources */,
				B03A07AB294D894B00B11172 /* Animal.swift in Sources */,
				B04C52D329590AD600C10B16 /* ColorsViewController.swift in Sources */,
				B04C52DF2962384500C10B16 /* Color.swift in Sources */,
				B0827483296DD7BE00EE04E1 /* Opposites.swift in Sources */,
				B03A0792294946A000B11172 /* HelloView.swift in Sources */,
				B03A07A9294D879F00B11172 /* AnimalViewController.swift in Sources */,
				B0CD05662952406600953C45 /* ShapeButton.swift in Sources */,
				B0885718294FCB300025E835 /* ABCViewController.swift in Sources */,
				B03A07A3294D2E9C00B11172 /* PeopleViewController.swift in Sources */,
				B0827486296F453200EE04E1 /* Model.swift in Sources */,
				B03A07AF294ED5F800B11172 /* HomeButton.swift in Sources */,
				B03A079F294A68C900B11172 /* GameButton.swift in Sources */,
				B03A076229482F7700B11172 /* SceneDelegate.swift in Sources */,
				B088571A294FD5BC0025E835 /* ABCList.swift in Sources */,
				B082748A296F454900EE04E1 /* FacesViewController.swift in Sources */,
				B04C52E129623C1F00C10B16 /* ColorButton.swift in Sources */,
				B0CD05722956DFBE00953C45 /* ShapeLabel.swift in Sources */,
				B0BE6B7F29655163008FA8AF /* OppositesViewController.swift in Sources */,
				B03A078D29483C0200B11172 /* GamesView.swift in Sources */,
			);
			runOnlyForDeploymentPostprocessing = 0;
		};
/* End PBXSourcesBuildPhase section */

/* Begin PBXVariantGroup section */
		B03A076A29482F7900B11172 /* LaunchScreen.storyboard */ = {
			isa = PBXVariantGroup;
			children = (
				B03A076B29482F7900B11172 /* Base */,
			);
			name = LaunchScreen.storyboard;
			sourceTree = "<group>";
		};
/* End PBXVariantGroup section */

/* Begin XCBuildConfiguration section */
		B03A076E29482F7900B11172 /* Debug */ = {
			isa = XCBuildConfiguration;
			buildSettings = {
				ALWAYS_SEARCH_USER_PATHS = NO;
				CLANG_ANALYZER_NONNULL = YES;
				CLANG_ANALYZER_NUMBER_OBJECT_CONVERSION = YES_AGGRESSIVE;
				CLANG_CXX_LANGUAGE_STANDARD = "gnu++20";
				CLANG_ENABLE_MODULES = YES;
				CLANG_ENABLE_OBJC_ARC = YES;
				CLANG_ENABLE_OBJC_WEAK = YES;
				CLANG_WARN_BLOCK_CAPTURE_AUTORELEASING = YES;
				CLANG_WARN_BOOL_CONVERSION = YES;
				CLANG_WARN_COMMA = YES;
				CLANG_WARN_CONSTANT_CONVERSION = YES;
				CLANG_WARN_DEPRECATED_OBJC_IMPLEMENTATIONS = YES;
				CLANG_WARN_DIRECT_OBJC_ISA_USAGE = YES_ERROR;
				CLANG_WARN_DOCUMENTATION_COMMENTS = YES;
				CLANG_WARN_EMPTY_BODY = YES;
				CLANG_WARN_ENUM_CONVERSION = YES;
				CLANG_WARN_INFINITE_RECURSION = YES;
				CLANG_WARN_INT_CONVERSION = YES;
				CLANG_WARN_NON_LITERAL_NULL_CONVERSION = YES;
				CLANG_WARN_OBJC_IMPLICIT_RETAIN_SELF = YES;
				CLANG_WARN_OBJC_LITERAL_CONVERSION = YES;
				CLANG_WARN_OBJC_ROOT_CLASS = YES_ERROR;
				CLANG_WARN_QUOTED_INCLUDE_IN_FRAMEWORK_HEADER = YES;
				CLANG_WARN_RANGE_LOOP_ANALYSIS = YES;
				CLANG_WARN_STRICT_PROTOTYPES = YES;
				CLANG_WARN_SUSPICIOUS_MOVE = YES;
				CLANG_WARN_UNGUARDED_AVAILABILITY = YES_AGGRESSIVE;
				CLANG_WARN_UNREACHABLE_CODE = YES;
				CLANG_WARN__DUPLICATE_METHOD_MATCH = YES;
				COPY_PHASE_STRIP = NO;
				DEBUG_INFORMATION_FORMAT = dwarf;
				ENABLE_STRICT_OBJC_MSGSEND = YES;
				ENABLE_TESTABILITY = YES;
				GCC_C_LANGUAGE_STANDARD = gnu11;
				GCC_DYNAMIC_NO_PIC = NO;
				GCC_NO_COMMON_BLOCKS = YES;
				GCC_OPTIMIZATION_LEVEL = 0;
				GCC_PREPROCESSOR_DEFINITIONS = (
					"DEBUG=1",
					"$(inherited)",
				);
				GCC_WARN_64_TO_32_BIT_CONVERSION = YES;
				GCC_WARN_ABOUT_RETURN_TYPE = YES_ERROR;
				GCC_WARN_UNDECLARED_SELECTOR = YES;
				GCC_WARN_UNINITIALIZED_AUTOS = YES_AGGRESSIVE;
				GCC_WARN_UNUSED_FUNCTION = YES;
				GCC_WARN_UNUSED_VARIABLE = YES;
				IPHONEOS_DEPLOYMENT_TARGET = 16.1;
				MTL_ENABLE_DEBUG_INFO = INCLUDE_SOURCE;
				MTL_FAST_MATH = YES;
				ONLY_ACTIVE_ARCH = YES;
				SDKROOT = iphoneos;
				SWIFT_ACTIVE_COMPILATION_CONDITIONS = DEBUG;
				SWIFT_OPTIMIZATION_LEVEL = "-Onone";
			};
			name = Debug;
		};
		B03A076F29482F7900B11172 /* Release */ = {
			isa = XCBuildConfiguration;
			buildSettings = {
				ALWAYS_SEARCH_USER_PATHS = NO;
				CLANG_ANALYZER_NONNULL = YES;
				CLANG_ANALYZER_NUMBER_OBJECT_CONVERSION = YES_AGGRESSIVE;
				CLANG_CXX_LANGUAGE_STANDARD = "gnu++20";
				CLANG_ENABLE_MODULES = YES;
				CLANG_ENABLE_OBJC_ARC = YES;
				CLANG_ENABLE_OBJC_WEAK = YES;
				CLANG_WARN_BLOCK_CAPTURE_AUTORELEASING = YES;
				CLANG_WARN_BOOL_CONVERSION = YES;
				CLANG_WARN_COMMA = YES;
				CLANG_WARN_CONSTANT_CONVERSION = YES;
				CLANG_WARN_DEPRECATED_OBJC_IMPLEMENTATIONS = YES;
				CLANG_WARN_DIRECT_OBJC_ISA_USAGE = YES_ERROR;
				CLANG_WARN_DOCUMENTATION_COMMENTS = YES;
				CLANG_WARN_EMPTY_BODY = YES;
				CLANG_WARN_ENUM_CONVERSION = YES;
				CLANG_WARN_INFINITE_RECURSION = YES;
				CLANG_WARN_INT_CONVERSION = YES;
				CLANG_WARN_NON_LITERAL_NULL_CONVERSION = YES;
				CLANG_WARN_OBJC_IMPLICIT_RETAIN_SELF = YES;
				CLANG_WARN_OBJC_LITERAL_CONVERSION = YES;
				CLANG_WARN_OBJC_ROOT_CLASS = YES_ERROR;
				CLANG_WARN_QUOTED_INCLUDE_IN_FRAMEWORK_HEADER = YES;
				CLANG_WARN_RANGE_LOOP_ANALYSIS = YES;
				CLANG_WARN_STRICT_PROTOTYPES = YES;
				CLANG_WARN_SUSPICIOUS_MOVE = YES;
				CLANG_WARN_UNGUARDED_AVAILABILITY = YES_AGGRESSIVE;
				CLANG_WARN_UNREACHABLE_CODE = YES;
				CLANG_WARN__DUPLICATE_METHOD_MATCH = YES;
				COPY_PHASE_STRIP = NO;
				DEBUG_INFORMATION_FORMAT = "dwarf-with-dsym";
				ENABLE_NS_ASSERTIONS = NO;
				ENABLE_STRICT_OBJC_MSGSEND = YES;
				GCC_C_LANGUAGE_STANDARD = gnu11;
				GCC_NO_COMMON_BLOCKS = YES;
				GCC_WARN_64_TO_32_BIT_CONVERSION = YES;
				GCC_WARN_ABOUT_RETURN_TYPE = YES_ERROR;
				GCC_WARN_UNDECLARED_SELECTOR = YES;
				GCC_WARN_UNINITIALIZED_AUTOS = YES_AGGRESSIVE;
				GCC_WARN_UNUSED_FUNCTION = YES;
				GCC_WARN_UNUSED_VARIABLE = YES;
				IPHONEOS_DEPLOYMENT_TARGET = 16.1;
				MTL_ENABLE_DEBUG_INFO = NO;
				MTL_FAST_MATH = YES;
				SDKROOT = iphoneos;
				SWIFT_COMPILATION_MODE = wholemodule;
				SWIFT_OPTIMIZATION_LEVEL = "-O";
				VALIDATE_PRODUCT = YES;
			};
			name = Release;
		};
		B03A077129482F7900B11172 /* Debug */ = {
			isa = XCBuildConfiguration;
			buildSettings = {
				ASSETCATALOG_COMPILER_APPICON_NAME = AppIcon;
				ASSETCATALOG_COMPILER_GLOBAL_ACCENT_COLOR_NAME = AccentColor;
				CODE_SIGN_STYLE = Automatic;
				CURRENT_PROJECT_VERSION = 2;
				DEVELOPMENT_TEAM = MAKTT332B3;
				GENERATE_INFOPLIST_FILE = YES;
				INFOPLIST_FILE = ParkerPlaysv2/Info.plist;
				INFOPLIST_KEY_LSApplicationCategoryType = "public.app-category.education";
				INFOPLIST_KEY_NSCameraUsageDescription = "Parker Plays would like to add photos to the flashcard";
				INFOPLIST_KEY_NSMicrophoneUsageDescription = "Parker Plays would like to record your flashcard text";
				INFOPLIST_KEY_UIApplicationSupportsIndirectInputEvents = YES;
				INFOPLIST_KEY_UILaunchStoryboardName = LaunchScreen;
				INFOPLIST_KEY_UIRequiresFullScreen = YES;
				INFOPLIST_KEY_UISupportedInterfaceOrientations = UIInterfaceOrientationPortrait;
				INFOPLIST_KEY_UIUserInterfaceStyle = Light;
				IPHONEOS_DEPLOYMENT_TARGET = 14.0;
				LD_RUNPATH_SEARCH_PATHS = (
					"$(inherited)",
					"@executable_path/Frameworks",
				);
				MARKETING_VERSION = 1.0.1;
				PRODUCT_BUNDLE_IDENTIFIER = com.suziebytes.ParkerPlaysv2;
				PRODUCT_NAME = "Parker Plays";
				SUPPORTED_PLATFORMS = "iphoneos iphonesimulator";
				SUPPORTS_MACCATALYST = NO;
				SUPPORTS_MAC_DESIGNED_FOR_IPHONE_IPAD = YES;
				SWIFT_EMIT_LOC_STRINGS = YES;
				SWIFT_VERSION = 5.0;
				TARGETED_DEVICE_FAMILY = 1;
			};
			name = Debug;
		};
		B03A077229482F7900B11172 /* Release */ = {
			isa = XCBuildConfiguration;
			buildSettings = {
				ASSETCATALOG_COMPILER_APPICON_NAME = AppIcon;
				ASSETCATALOG_COMPILER_GLOBAL_ACCENT_COLOR_NAME = AccentColor;
				CODE_SIGN_STYLE = Automatic;
				CURRENT_PROJECT_VERSION = 2;
				DEVELOPMENT_TEAM = MAKTT332B3;
				GENERATE_INFOPLIST_FILE = YES;
				INFOPLIST_FILE = ParkerPlaysv2/Info.plist;
				INFOPLIST_KEY_LSApplicationCategoryType = "public.app-category.education";
				INFOPLIST_KEY_NSCameraUsageDescription = "Parker Plays would like to add photos to the flashcard";
				INFOPLIST_KEY_NSMicrophoneUsageDescription = "Parker Plays would like to record your flashcard text";
				INFOPLIST_KEY_UIApplicationSupportsIndirectInputEvents = YES;
				INFOPLIST_KEY_UILaunchStoryboardName = LaunchScreen;
				INFOPLIST_KEY_UIRequiresFullScreen = YES;
				INFOPLIST_KEY_UISupportedInterfaceOrientations = UIInterfaceOrientationPortrait;
				INFOPLIST_KEY_UIUserInterfaceStyle = Light;
				IPHONEOS_DEPLOYMENT_TARGET = 14.0;
				LD_RUNPATH_SEARCH_PATHS = (
					"$(inherited)",
					"@executable_path/Frameworks",
				);
				MARKETING_VERSION = 1.0.1;
				PRODUCT_BUNDLE_IDENTIFIER = com.suziebytes.ParkerPlaysv2;
				PRODUCT_NAME = "Parker Plays";
				SUPPORTED_PLATFORMS = "iphoneos iphonesimulator";
				SUPPORTS_MACCATALYST = NO;
				SUPPORTS_MAC_DESIGNED_FOR_IPHONE_IPAD = YES;
				SWIFT_EMIT_LOC_STRINGS = YES;
				SWIFT_VERSION = 5.0;
				TARGETED_DEVICE_FAMILY = 1;
			};
			name = Release;
		};
/* End XCBuildConfiguration section */

/* Begin XCConfigurationList section */
		B03A075729482F7700B11172 /* Build configuration list for PBXProject "ParkerPlaysv2" */ = {
			isa = XCConfigurationList;
			buildConfigurations = (
				B03A076E29482F7900B11172 /* Debug */,
				B03A076F29482F7900B11172 /* Release */,
			);
			defaultConfigurationIsVisible = 0;
			defaultConfigurationName = Release;
		};
		B03A077029482F7900B11172 /* Build configuration list for PBXNativeTarget "ParkerPlaysv2" */ = {
			isa = XCConfigurationList;
			buildConfigurations = (
				B03A077129482F7900B11172 /* Debug */,
				B03A077229482F7900B11172 /* Release */,
			);
			defaultConfigurationIsVisible = 0;
			defaultConfigurationName = Release;
		};
/* End XCConfigurationList section */

/* Begin XCRemoteSwiftPackageReference section */
		B04C52E22963837800C10B16 /* XCRemoteSwiftPackageReference "lottie-ios" */ = {
			isa = XCRemoteSwiftPackageReference;
			repositoryURL = "https://github.com/airbnb/lottie-ios.git";
			requirement = {
				kind = upToNextMajorVersion;
				minimumVersion = 4.0.0;
			};
		};
/* End XCRemoteSwiftPackageReference section */

/* Begin XCSwiftPackageProductDependency section */
		B04C52E32963837800C10B16 /* Lottie */ = {
			isa = XCSwiftPackageProductDependency;
			package = B04C52E22963837800C10B16 /* XCRemoteSwiftPackageReference "lottie-ios" */;
			productName = Lottie;
		};
/* End XCSwiftPackageProductDependency section */
	};
	rootObject = B03A075429482F7700B11172 /* Project object */;
}
